
Microsoft Visual Studio Solution File, Format Version 11.00
# Visual Studio 2010
Project("{FAE04EC0-301F-11D3-BF4B-00C04F79EFBC}") = "CSCI426_Alpha_0.1.1", "Assembly-CSharp.csproj", "{8C45D941-1C0B-6AFB-6D75-07082645921D}"
EndProject
Global
	GlobalSection(SolutionConfigurationPlatforms) = preSolution
		Debug|Any CPU = Debug|Any CPU
		Release|Any CPU = Release|Any CPU
	EndGlobalSection
	GlobalSection(ProjectConfigurationPlatforms) = postSolution
		{8C45D941-1C0B-6AFB-6D75-07082645921D}.Debug|Any CPU.ActiveCfg = Debug|Any CPU
		{8C45D941-1C0B-6AFB-6D75-07082645921D}.Debug|Any CPU.Build.0 = Debug|Any CPU
		{8C45D941-1C0B-6AFB-6D75-07082645921D}.Release|Any CPU.ActiveCfg = Release|Any CPU
		{8C45D941-1C0B-6AFB-6D75-07082645921D}.Release|Any CPU.Build.0 = Release|Any CPU
	EndGlobalSection
	GlobalSection(SolutionProperties) = preSolution
		HideSolutionNode = FALSE
	EndGlobalSection
	GlobalSection(MonoDevelopProperties) = preSolution
		StartupItem = Assembly-CSharp.csproj
	EndGlobalSection
EndGlobal
